// !$*UTF8*$!
{
	archiveVersion = 1;
	classes = {
	};
	objectVersion = 48;
	objects = {

/* Begin PBXBuildFile section */
		40D311CD3A24E63269CC1B75 /* Pods_sfclippyUITests.framework in Frameworks */ = {isa = PBXBuildFile; fileRef = FEBC2DD6A0A56665259737EA /* Pods_sfclippyUITests.framework */; };
		4CE72719FF7147A4D1A51FD1 /* Pods_sfclippyTests.framework in Frameworks */ = {isa = PBXBuildFile; fileRef = B546F4997AB21F61BE224771 /* Pods_sfclippyTests.framework */; };
		BE1C9E70201CBD5C00776B78 /* RatingView.swift in Sources */ = {isa = PBXBuildFile; fileRef = BE1C9E6F201CBD5C00776B78 /* RatingView.swift */; };
		BE1C9E72201CCFC800776B78 /* AddCharacterViewController.swift in Sources */ = {isa = PBXBuildFile; fileRef = BE1C9E71201CCFC800776B78 /* AddCharacterViewController.swift */; };
		BE1F23F81FBE11E500CD6447 /* AppDelegate.swift in Sources */ = {isa = PBXBuildFile; fileRef = BE1F23F71FBE11E500CD6447 /* AppDelegate.swift */; };
		BE1F23FA1FBE11E500CD6447 /* ViewController.swift in Sources */ = {isa = PBXBuildFile; fileRef = BE1F23F91FBE11E500CD6447 /* ViewController.swift */; };
		BE1F23FD1FBE11E500CD6447 /* Main.storyboard in Resources */ = {isa = PBXBuildFile; fileRef = BE1F23FB1FBE11E500CD6447 /* Main.storyboard */; };
		BE1F23FF1FBE11E500CD6447 /* Assets.xcassets in Resources */ = {isa = PBXBuildFile; fileRef = BE1F23FE1FBE11E500CD6447 /* Assets.xcassets */; };
		BE1F24021FBE11E500CD6447 /* LaunchScreen.storyboard in Resources */ = {isa = PBXBuildFile; fileRef = BE1F24001FBE11E500CD6447 /* LaunchScreen.storyboard */; };
		BE1F240D1FBE11E500CD6447 /* sfclippyTests.swift in Sources */ = {isa = PBXBuildFile; fileRef = BE1F240C1FBE11E500CD6447 /* sfclippyTests.swift */; };
		BE1F24181FBE11E500CD6447 /* sfclippyUITests.swift in Sources */ = {isa = PBXBuildFile; fileRef = BE1F24171FBE11E500CD6447 /* sfclippyUITests.swift */; };
		BE21692D1FD1FFD1009F0703 /* ResultsTableViewController.swift in Sources */ = {isa = PBXBuildFile; fileRef = BE21692C1FD1FFD1009F0703 /* ResultsTableViewController.swift */; };
		BE21692F1FD31F27009F0703 /* ResultsTableViewCell.swift in Sources */ = {isa = PBXBuildFile; fileRef = BE21692E1FD31F27009F0703 /* ResultsTableViewCell.swift */; };
		BE2169351FD35D75009F0703 /* DragToSelectView.xib in Resources */ = {isa = PBXBuildFile; fileRef = BE2169341FD35D75009F0703 /* DragToSelectView.xib */; };
		BE2169361FD364DE009F0703 /* DragToSelectView.swift in Sources */ = {isa = PBXBuildFile; fileRef = BE2169321FD350B2009F0703 /* DragToSelectView.swift */; };
		BE26C20B205AB437007B6409 /* ErrorSignInViewController.swift in Sources */ = {isa = PBXBuildFile; fileRef = BE26C20A205AB437007B6409 /* ErrorSignInViewController.swift */; };
		BE3CC32520A8E36800E62B6F /* DataModelTests.swift in Sources */ = {isa = PBXBuildFile; fileRef = BE3CC32420A8E36800E62B6F /* DataModelTests.swift */; };
		BE3E651C203B78EC00961A29 /* SettingsTableViewController.swift in Sources */ = {isa = PBXBuildFile; fileRef = BE3E651B203B78EB00961A29 /* SettingsTableViewController.swift */; };
		BE3E651E203B7A5A00961A29 /* SettingsTableViewCell.swift in Sources */ = {isa = PBXBuildFile; fileRef = BE3E651D203B7A5A00961A29 /* SettingsTableViewCell.swift */; };
		BE3F883F2096358500EE9849 /* StatisticsDetailTableViewController.swift in Sources */ = {isa = PBXBuildFile; fileRef = BE3F883E2096358500EE9849 /* StatisticsDetailTableViewController.swift */; };
		BE3F8841209635AA00EE9849 /* StatisticsDetailTableViewCell.swift in Sources */ = {isa = PBXBuildFile; fileRef = BE3F8840209635AA00EE9849 /* StatisticsDetailTableViewCell.swift */; };
		BE3F8843209A636200EE9849 /* StatisticsComparison.swift in Sources */ = {isa = PBXBuildFile; fileRef = BE3F8842209A636200EE9849 /* StatisticsComparison.swift */; };
		BE3F8845209A651100EE9849 /* StatisticsComparisonsTests.swift in Sources */ = {isa = PBXBuildFile; fileRef = BE3F8844209A651100EE9849 /* StatisticsComparisonsTests.swift */; };
		BE42474A1FC05642003E08A8 /* GoogleService-Info.plist in Resources */ = {isa = PBXBuildFile; fileRef = BE4247491FC05641003E08A8 /* GoogleService-Info.plist */; };
		BE42474C1FC056F3003E08A8 /* GoogleService-Info.plist in Resources */ = {isa = PBXBuildFile; fileRef = BE4247491FC05641003E08A8 /* GoogleService-Info.plist */; };
		BE42474D1FC056F4003E08A8 /* GoogleService-Info.plist in Resources */ = {isa = PBXBuildFile; fileRef = BE4247491FC05641003E08A8 /* GoogleService-Info.plist */; };
		BE42474F1FC070C3003E08A8 /* SignInViewController.swift in Sources */ = {isa = PBXBuildFile; fileRef = BE42474E1FC070C3003E08A8 /* SignInViewController.swift */; };
		BE4247511FC1D3B0003E08A8 /* DataModel.swift in Sources */ = {isa = PBXBuildFile; fileRef = BE4247501FC1D3B0003E08A8 /* DataModel.swift */; };
		BE4247531FC1E661003E08A8 /* CharactersTableViewController.swift in Sources */ = {isa = PBXBuildFile; fileRef = BE4247521FC1E661003E08A8 /* CharactersTableViewController.swift */; };
		BE4247551FC1E717003E08A8 /* CharactersTableViewCell.swift in Sources */ = {isa = PBXBuildFile; fileRef = BE4247541FC1E717003E08A8 /* CharactersTableViewCell.swift */; };
		BE4247571FC2DD0F003E08A8 /* CharactersUITests.swift in Sources */ = {isa = PBXBuildFile; fileRef = BE4247561FC2DD0F003E08A8 /* CharactersUITests.swift */; };
		BE4F225A20420D8B00900013 /* StatisticsTableViewController.swift in Sources */ = {isa = PBXBuildFile; fileRef = BE4F225920420D8B00900013 /* StatisticsTableViewController.swift */; };
		BE4F225C20420E7200900013 /* StatisticsTableViewCell.swift in Sources */ = {isa = PBXBuildFile; fileRef = BE4F225B20420E7200900013 /* StatisticsTableViewCell.swift */; };
		BE95BF27203A28E10094A70B /* SfHeadingView.xib in Resources */ = {isa = PBXBuildFile; fileRef = BE95BF26203A28E10094A70B /* SfHeadingView.xib */; };
		BE95BF29203A29F80094A70B /* SfHeadingView.swift in Sources */ = {isa = PBXBuildFile; fileRef = BE95BF28203A29F80094A70B /* SfHeadingView.swift */; };
		BE985F8E1FEEC1BD00AA1BF0 /* SelectionMechanism.swift in Sources */ = {isa = PBXBuildFile; fileRef = BE985F8D1FEEC1BD00AA1BF0 /* SelectionMechanism.swift */; };
		BE985F901FEEC1EB00AA1BF0 /* SelectionMechanismTests.swift in Sources */ = {isa = PBXBuildFile; fileRef = BE985F8F1FEEC1EB00AA1BF0 /* SelectionMechanismTests.swift */; };
		BEACF71C20364B51001A8A6D /* ResultViewController.swift in Sources */ = {isa = PBXBuildFile; fileRef = BEACF71B20364B51001A8A6D /* ResultViewController.swift */; };
		BEC74F55204952F00081820B /* SfButtonWithDescription.xib in Resources */ = {isa = PBXBuildFile; fileRef = BEC74F54204952F00081820B /* SfButtonWithDescription.xib */; };
		BEC74F57204954A60081820B /* SfButtonWithDescription.swift in Sources */ = {isa = PBXBuildFile; fileRef = BEC74F56204954A60081820B /* SfButtonWithDescription.swift */; };
		BECC1D29205096FE00A93900 /* ConfirmViewController.swift in Sources */ = {isa = PBXBuildFile; fileRef = BECC1D28205096FE00A93900 /* ConfirmViewController.swift */; };
		BF68B1EE9A7C4887663DDB2E /* Pods_sfclippy.framework in Frameworks */ = {isa = PBXBuildFile; fileRef = 6A3CB2A0D3F6042DF5799D95 /* Pods_sfclippy.framework */; };
/* End PBXBuildFile section */

/* Begin PBXContainerItemProxy section */
		BE1F24091FBE11E500CD6447 /* PBXContainerItemProxy */ = {
			isa = PBXContainerItemProxy;
			containerPortal = BE1F23EC1FBE11E500CD6447 /* Project object */;
			proxyType = 1;
			remoteGlobalIDString = BE1F23F31FBE11E500CD6447;
			remoteInfo = sfclippy;
		};
		BE1F24141FBE11E500CD6447 /* PBXContainerItemProxy */ = {
			isa = PBXContainerItemProxy;
			containerPortal = BE1F23EC1FBE11E500CD6447 /* Project object */;
			proxyType = 1;
			remoteGlobalIDString = BE1F23F31FBE11E500CD6447;
			remoteInfo = sfclippy;
		};
/* End PBXContainerItemProxy section */

/* Begin PBXFileReference section */
		6A3CB2A0D3F6042DF5799D95 /* Pods_sfclippy.framework */ = {isa = PBXFileReference; explicitFileType = wrapper.framework; includeInIndex = 0; path = Pods_sfclippy.framework; sourceTree = BUILT_PRODUCTS_DIR; };
		9F1F74618B7CB5D1E17E94A0 /* Pods-sfclippy.debug.xcconfig */ = {isa = PBXFileReference; includeInIndex = 1; lastKnownFileType = text.xcconfig; name = "Pods-sfclippy.debug.xcconfig"; path = "Pods/Target Support Files/Pods-sfclippy/Pods-sfclippy.debug.xcconfig"; sourceTree = "<group>"; };
		A56E63742F27EC72439A5A05 /* Pods-sfclippyTests.debug.xcconfig */ = {isa = PBXFileReference; includeInIndex = 1; lastKnownFileType = text.xcconfig; name = "Pods-sfclippyTests.debug.xcconfig"; path = "Pods/Target Support Files/Pods-sfclippyTests/Pods-sfclippyTests.debug.xcconfig"; sourceTree = "<group>"; };
		B546F4997AB21F61BE224771 /* Pods_sfclippyTests.framework */ = {isa = PBXFileReference; explicitFileType = wrapper.framework; includeInIndex = 0; path = Pods_sfclippyTests.framework; sourceTree = BUILT_PRODUCTS_DIR; };
		BE1C9E6F201CBD5C00776B78 /* RatingView.swift */ = {isa = PBXFileReference; fileEncoding = 4; lastKnownFileType = sourcecode.swift; path = RatingView.swift; sourceTree = "<group>"; };
		BE1C9E71201CCFC800776B78 /* AddCharacterViewController.swift */ = {isa = PBXFileReference; lastKnownFileType = sourcecode.swift; path = AddCharacterViewController.swift; sourceTree = "<group>"; };
		BE1F23F41FBE11E500CD6447 /* sfclippy.app */ = {isa = PBXFileReference; explicitFileType = wrapper.application; includeInIndex = 0; path = sfclippy.app; sourceTree = BUILT_PRODUCTS_DIR; };
		BE1F23F71FBE11E500CD6447 /* AppDelegate.swift */ = {isa = PBXFileReference; lastKnownFileType = sourcecode.swift; path = AppDelegate.swift; sourceTree = "<group>"; };
		BE1F23F91FBE11E500CD6447 /* ViewController.swift */ = {isa = PBXFileReference; lastKnownFileType = sourcecode.swift; path = ViewController.swift; sourceTree = "<group>"; };
		BE1F23FC1FBE11E500CD6447 /* Base */ = {isa = PBXFileReference; lastKnownFileType = file.storyboard; name = Base; path = Base.lproj/Main.storyboard; sourceTree = "<group>"; };
		BE1F23FE1FBE11E500CD6447 /* Assets.xcassets */ = {isa = PBXFileReference; lastKnownFileType = folder.assetcatalog; path = Assets.xcassets; sourceTree = "<group>"; };
		BE1F24011FBE11E500CD6447 /* Base */ = {isa = PBXFileReference; lastKnownFileType = file.storyboard; name = Base; path = Base.lproj/LaunchScreen.storyboard; sourceTree = "<group>"; };
		BE1F24031FBE11E500CD6447 /* Info.plist */ = {isa = PBXFileReference; lastKnownFileType = text.plist.xml; path = Info.plist; sourceTree = "<group>"; };
		BE1F24081FBE11E500CD6447 /* sfclippyTests.xctest */ = {isa = PBXFileReference; explicitFileType = wrapper.cfbundle; includeInIndex = 0; path = sfclippyTests.xctest; sourceTree = BUILT_PRODUCTS_DIR; };
		BE1F240C1FBE11E500CD6447 /* sfclippyTests.swift */ = {isa = PBXFileReference; lastKnownFileType = sourcecode.swift; path = sfclippyTests.swift; sourceTree = "<group>"; };
		BE1F240E1FBE11E500CD6447 /* Info.plist */ = {isa = PBXFileReference; lastKnownFileType = text.plist.xml; path = Info.plist; sourceTree = "<group>"; };
		BE1F24131FBE11E500CD6447 /* sfclippyUITests.xctest */ = {isa = PBXFileReference; explicitFileType = wrapper.cfbundle; includeInIndex = 0; path = sfclippyUITests.xctest; sourceTree = BUILT_PRODUCTS_DIR; };
		BE1F24171FBE11E500CD6447 /* sfclippyUITests.swift */ = {isa = PBXFileReference; lastKnownFileType = sourcecode.swift; path = sfclippyUITests.swift; sourceTree = "<group>"; };
		BE1F24191FBE11E500CD6447 /* Info.plist */ = {isa = PBXFileReference; lastKnownFileType = text.plist.xml; path = Info.plist; sourceTree = "<group>"; };
		BE21692C1FD1FFD1009F0703 /* ResultsTableViewController.swift */ = {isa = PBXFileReference; lastKnownFileType = sourcecode.swift; path = ResultsTableViewController.swift; sourceTree = "<group>"; };
		BE21692E1FD31F27009F0703 /* ResultsTableViewCell.swift */ = {isa = PBXFileReference; lastKnownFileType = sourcecode.swift; path = ResultsTableViewCell.swift; sourceTree = "<group>"; };
		BE2169321FD350B2009F0703 /* DragToSelectView.swift */ = {isa = PBXFileReference; lastKnownFileType = sourcecode.swift; path = DragToSelectView.swift; sourceTree = "<group>"; };
		BE2169341FD35D75009F0703 /* DragToSelectView.xib */ = {isa = PBXFileReference; lastKnownFileType = file.xib; path = DragToSelectView.xib; sourceTree = "<group>"; };
		BE26C20A205AB437007B6409 /* ErrorSignInViewController.swift */ = {isa = PBXFileReference; lastKnownFileType = sourcecode.swift; path = ErrorSignInViewController.swift; sourceTree = "<group>"; };
		BE26C20E205AD0FC007B6409 /* sfclippy.entitlements */ = {isa = PBXFileReference; lastKnownFileType = text.plist.entitlements; path = sfclippy.entitlements; sourceTree = "<group>"; };
		BE3CC32420A8E36800E62B6F /* DataModelTests.swift */ = {isa = PBXFileReference; lastKnownFileType = sourcecode.swift; path = DataModelTests.swift; sourceTree = "<group>"; };
		BE3E651B203B78EB00961A29 /* SettingsTableViewController.swift */ = {isa = PBXFileReference; lastKnownFileType = sourcecode.swift; path = SettingsTableViewController.swift; sourceTree = "<group>"; };
		BE3E651D203B7A5A00961A29 /* SettingsTableViewCell.swift */ = {isa = PBXFileReference; lastKnownFileType = sourcecode.swift; path = SettingsTableViewCell.swift; sourceTree = "<group>"; };
		BE3F883E2096358500EE9849 /* StatisticsDetailTableViewController.swift */ = {isa = PBXFileReference; lastKnownFileType = sourcecode.swift; path = StatisticsDetailTableViewController.swift; sourceTree = "<group>"; };
		BE3F8840209635AA00EE9849 /* StatisticsDetailTableViewCell.swift */ = {isa = PBXFileReference; lastKnownFileType = sourcecode.swift; path = StatisticsDetailTableViewCell.swift; sourceTree = "<group>"; };
		BE3F8842209A636200EE9849 /* StatisticsComparison.swift */ = {isa = PBXFileReference; lastKnownFileType = sourcecode.swift; path = StatisticsComparison.swift; sourceTree = "<group>"; };
		BE3F8844209A651100EE9849 /* StatisticsComparisonsTests.swift */ = {isa = PBXFileReference; lastKnownFileType = sourcecode.swift; path = StatisticsComparisonsTests.swift; sourceTree = "<group>"; };
		BE4247491FC05641003E08A8 /* GoogleService-Info.plist */ = {isa = PBXFileReference; fileEncoding = 4; lastKnownFileType = text.plist.xml; path = "GoogleService-Info.plist"; sourceTree = "<group>"; };
		BE42474E1FC070C3003E08A8 /* SignInViewController.swift */ = {isa = PBXFileReference; lastKnownFileType = sourcecode.swift; path = SignInViewController.swift; sourceTree = "<group>"; };
		BE4247501FC1D3B0003E08A8 /* DataModel.swift */ = {isa = PBXFileReference; lastKnownFileType = sourcecode.swift; path = DataModel.swift; sourceTree = "<group>"; };
		BE4247521FC1E661003E08A8 /* CharactersTableViewController.swift */ = {isa = PBXFileReference; lastKnownFileType = sourcecode.swift; path = CharactersTableViewController.swift; sourceTree = "<group>"; };
		BE4247541FC1E717003E08A8 /* CharactersTableViewCell.swift */ = {isa = PBXFileReference; lastKnownFileType = sourcecode.swift; path = CharactersTableViewCell.swift; sourceTree = "<group>"; };
		BE4247561FC2DD0F003E08A8 /* CharactersUITests.swift */ = {isa = PBXFileReference; lastKnownFileType = sourcecode.swift; path = CharactersUITests.swift; sourceTree = "<group>"; };
		BE4F225920420D8B00900013 /* StatisticsTableViewController.swift */ = {isa = PBXFileReference; lastKnownFileType = sourcecode.swift; path = StatisticsTableViewController.swift; sourceTree = "<group>"; };
		BE4F225B20420E7200900013 /* StatisticsTableViewCell.swift */ = {isa = PBXFileReference; lastKnownFileType = sourcecode.swift; path = StatisticsTableViewCell.swift; sourceTree = "<group>"; };
		BE95BF26203A28E10094A70B /* SfHeadingView.xib */ = {isa = PBXFileReference; lastKnownFileType = file.xib; path = SfHeadingView.xib; sourceTree = "<group>"; };
		BE95BF28203A29F80094A70B /* SfHeadingView.swift */ = {isa = PBXFileReference; lastKnownFileType = sourcecode.swift; path = SfHeadingView.swift; sourceTree = "<group>"; };
		BE985F8D1FEEC1BD00AA1BF0 /* SelectionMechanism.swift */ = {isa = PBXFileReference; lastKnownFileType = sourcecode.swift; path = SelectionMechanism.swift; sourceTree = "<group>"; };
		BE985F8F1FEEC1EB00AA1BF0 /* SelectionMechanismTests.swift */ = {isa = PBXFileReference; lastKnownFileType = sourcecode.swift; path = SelectionMechanismTests.swift; sourceTree = "<group>"; };
		BEACF71B20364B51001A8A6D /* ResultViewController.swift */ = {isa = PBXFileReference; lastKnownFileType = sourcecode.swift; path = ResultViewController.swift; sourceTree = "<group>"; };
		BEC74F54204952F00081820B /* SfButtonWithDescription.xib */ = {isa = PBXFileReference; lastKnownFileType = file.xib; path = SfButtonWithDescription.xib; sourceTree = "<group>"; };
		BEC74F56204954A60081820B /* SfButtonWithDescription.swift */ = {isa = PBXFileReference; lastKnownFileType = sourcecode.swift; path = SfButtonWithDescription.swift; sourceTree = "<group>"; };
		BECC1D28205096FE00A93900 /* ConfirmViewController.swift */ = {isa = PBXFileReference; lastKnownFileType = sourcecode.swift; path = ConfirmViewController.swift; sourceTree = "<group>"; };
		C2D7947990E76F125BD45DC1 /* Pods-sfclippy.release.xcconfig */ = {isa = PBXFileReference; includeInIndex = 1; lastKnownFileType = text.xcconfig; name = "Pods-sfclippy.release.xcconfig"; path = "Pods/Target Support Files/Pods-sfclippy/Pods-sfclippy.release.xcconfig"; sourceTree = "<group>"; };
		C5C023FF1C1723FFE0B6C4BA /* Pods-sfclippyUITests.debug.xcconfig */ = {isa = PBXFileReference; includeInIndex = 1; lastKnownFileType = text.xcconfig; name = "Pods-sfclippyUITests.debug.xcconfig"; path = "Pods/Target Support Files/Pods-sfclippyUITests/Pods-sfclippyUITests.debug.xcconfig"; sourceTree = "<group>"; };
		CD3FEF6BBF37F476E1ECBC77 /* Pods-sfclippyUITests.release.xcconfig */ = {isa = PBXFileReference; includeInIndex = 1; lastKnownFileType = text.xcconfig; name = "Pods-sfclippyUITests.release.xcconfig"; path = "Pods/Target Support Files/Pods-sfclippyUITests/Pods-sfclippyUITests.release.xcconfig"; sourceTree = "<group>"; };
		D851111708E7C9363663312E /* Pods-sfclippyTests.release.xcconfig */ = {isa = PBXFileReference; includeInIndex = 1; lastKnownFileType = text.xcconfig; name = "Pods-sfclippyTests.release.xcconfig"; path = "Pods/Target Support Files/Pods-sfclippyTests/Pods-sfclippyTests.release.xcconfig"; sourceTree = "<group>"; };
		FEBC2DD6A0A56665259737EA /* Pods_sfclippyUITests.framework */ = {isa = PBXFileReference; explicitFileType = wrapper.framework; includeInIndex = 0; path = Pods_sfclippyUITests.framework; sourceTree = BUILT_PRODUCTS_DIR; };
/* End PBXFileReference section */

/* Begin PBXFrameworksBuildPhase section */
		BE1F23F11FBE11E500CD6447 /* Frameworks */ = {
			isa = PBXFrameworksBuildPhase;
			buildActionMask = 2147483647;
			files = (
				BF68B1EE9A7C4887663DDB2E /* Pods_sfclippy.framework in Frameworks */,
			);
			runOnlyForDeploymentPostprocessing = 0;
		};
		BE1F24051FBE11E500CD6447 /* Frameworks */ = {
			isa = PBXFrameworksBuildPhase;
			buildActionMask = 2147483647;
			files = (
				4CE72719FF7147A4D1A51FD1 /* Pods_sfclippyTests.framework in Frameworks */,
			);
			runOnlyForDeploymentPostprocessing = 0;
		};
		BE1F24101FBE11E500CD6447 /* Frameworks */ = {
			isa = PBXFrameworksBuildPhase;
			buildActionMask = 2147483647;
			files = (
				40D311CD3A24E63269CC1B75 /* Pods_sfclippyUITests.framework in Frameworks */,
			);
			runOnlyForDeploymentPostprocessing = 0;
		};
/* End PBXFrameworksBuildPhase section */

/* Begin PBXGroup section */
		12D6D4CB4D2C76CB2B3644BE /* Pods */ = {
			isa = PBXGroup;
			children = (
				9F1F74618B7CB5D1E17E94A0 /* Pods-sfclippy.debug.xcconfig */,
				C2D7947990E76F125BD45DC1 /* Pods-sfclippy.release.xcconfig */,
				A56E63742F27EC72439A5A05 /* Pods-sfclippyTests.debug.xcconfig */,
				D851111708E7C9363663312E /* Pods-sfclippyTests.release.xcconfig */,
				C5C023FF1C1723FFE0B6C4BA /* Pods-sfclippyUITests.debug.xcconfig */,
				CD3FEF6BBF37F476E1ECBC77 /* Pods-sfclippyUITests.release.xcconfig */,
			);
			name = Pods;
			sourceTree = "<group>";
		};
		BE1F23EB1FBE11E500CD6447 = {
			isa = PBXGroup;
			children = (
				BE1F23F61FBE11E500CD6447 /* sfclippy */,
				BE1F240B1FBE11E500CD6447 /* sfclippyTests */,
				BE1F24161FBE11E500CD6447 /* sfclippyUITests */,
				BE1F23F51FBE11E500CD6447 /* Products */,
				12D6D4CB4D2C76CB2B3644BE /* Pods */,
				CFF5B90DB85F365FA55FA3D1 /* Frameworks */,
			);
			sourceTree = "<group>";
		};
		BE1F23F51FBE11E500CD6447 /* Products */ = {
			isa = PBXGroup;
			children = (
				BE1F23F41FBE11E500CD6447 /* sfclippy.app */,
				BE1F24081FBE11E500CD6447 /* sfclippyTests.xctest */,
				BE1F24131FBE11E500CD6447 /* sfclippyUITests.xctest */,
			);
			name = Products;
			sourceTree = "<group>";
		};
		BE1F23F61FBE11E500CD6447 /* sfclippy */ = {
			isa = PBXGroup;
			children = (
				BE26C20E205AD0FC007B6409 /* sfclippy.entitlements */,
				BE1C9E6F201CBD5C00776B78 /* RatingView.swift */,
				BE4247491FC05641003E08A8 /* GoogleService-Info.plist */,
				BE1F23F71FBE11E500CD6447 /* AppDelegate.swift */,
				BE1F23F91FBE11E500CD6447 /* ViewController.swift */,
				BE1F23FB1FBE11E500CD6447 /* Main.storyboard */,
				BE1F23FE1FBE11E500CD6447 /* Assets.xcassets */,
				BE1F24001FBE11E500CD6447 /* LaunchScreen.storyboard */,
				BE1F24031FBE11E500CD6447 /* Info.plist */,
				BE42474E1FC070C3003E08A8 /* SignInViewController.swift */,
				BE4247501FC1D3B0003E08A8 /* DataModel.swift */,
				BE4247521FC1E661003E08A8 /* CharactersTableViewController.swift */,
				BE4247541FC1E717003E08A8 /* CharactersTableViewCell.swift */,
				BE21692C1FD1FFD1009F0703 /* ResultsTableViewController.swift */,
				BE21692E1FD31F27009F0703 /* ResultsTableViewCell.swift */,
				BE2169321FD350B2009F0703 /* DragToSelectView.swift */,
				BE2169341FD35D75009F0703 /* DragToSelectView.xib */,
				BE985F8D1FEEC1BD00AA1BF0 /* SelectionMechanism.swift */,
				BE1C9E71201CCFC800776B78 /* AddCharacterViewController.swift */,
				BEACF71B20364B51001A8A6D /* ResultViewController.swift */,
				BE95BF26203A28E10094A70B /* SfHeadingView.xib */,
				BE95BF28203A29F80094A70B /* SfHeadingView.swift */,
				BE3E651B203B78EB00961A29 /* SettingsTableViewController.swift */,
				BE3E651D203B7A5A00961A29 /* SettingsTableViewCell.swift */,
				BE4F225920420D8B00900013 /* StatisticsTableViewController.swift */,
				BE4F225B20420E7200900013 /* StatisticsTableViewCell.swift */,
				BEC74F54204952F00081820B /* SfButtonWithDescription.xib */,
				BEC74F56204954A60081820B /* SfButtonWithDescription.swift */,
				BECC1D28205096FE00A93900 /* ConfirmViewController.swift */,
				BE26C20A205AB437007B6409 /* ErrorSignInViewController.swift */,
				BE3F883E2096358500EE9849 /* StatisticsDetailTableViewController.swift */,
				BE3F8840209635AA00EE9849 /* StatisticsDetailTableViewCell.swift */,
				BE3F8842209A636200EE9849 /* StatisticsComparison.swift */,
			);
			path = sfclippy;
			sourceTree = "<group>";
		};
		BE1F240B1FBE11E500CD6447 /* sfclippyTests */ = {
			isa = PBXGroup;
			children = (
				BE1F240C1FBE11E500CD6447 /* sfclippyTests.swift */,
				BE1F240E1FBE11E500CD6447 /* Info.plist */,
				BE985F8F1FEEC1EB00AA1BF0 /* SelectionMechanismTests.swift */,
				BE3F8844209A651100EE9849 /* StatisticsComparisonsTests.swift */,
				BE3CC32420A8E36800E62B6F /* DataModelTests.swift */,
			);
			path = sfclippyTests;
			sourceTree = "<group>";
		};
		BE1F24161FBE11E500CD6447 /* sfclippyUITests */ = {
			isa = PBXGroup;
			children = (
				BE1F24171FBE11E500CD6447 /* sfclippyUITests.swift */,
				BE1F24191FBE11E500CD6447 /* Info.plist */,
				BE4247561FC2DD0F003E08A8 /* CharactersUITests.swift */,
			);
			path = sfclippyUITests;
			sourceTree = "<group>";
		};
		CFF5B90DB85F365FA55FA3D1 /* Frameworks */ = {
			isa = PBXGroup;
			children = (
				6A3CB2A0D3F6042DF5799D95 /* Pods_sfclippy.framework */,
				B546F4997AB21F61BE224771 /* Pods_sfclippyTests.framework */,
				FEBC2DD6A0A56665259737EA /* Pods_sfclippyUITests.framework */,
			);
			name = Frameworks;
			sourceTree = "<group>";
		};
/* End PBXGroup section */

/* Begin PBXNativeTarget section */
		BE1F23F31FBE11E500CD6447 /* sfclippy */ = {
			isa = PBXNativeTarget;
			buildConfigurationList = BE1F241C1FBE11E500CD6447 /* Build configuration list for PBXNativeTarget "sfclippy" */;
			buildPhases = (
				63C3030157561C707B915F9D /* [CP] Check Pods Manifest.lock */,
				BE1F23F01FBE11E500CD6447 /* Sources */,
				BE1F23F11FBE11E500CD6447 /* Frameworks */,
				BE1F23F21FBE11E500CD6447 /* Resources */,
				F96121CD49CF01C8E4C606A8 /* [CP] Embed Pods Frameworks */,
				38619BF831E90974EF075DEB /* [CP] Copy Pods Resources */,
			);
			buildRules = (
			);
			dependencies = (
			);
			name = sfclippy;
			productName = sfclippy;
			productReference = BE1F23F41FBE11E500CD6447 /* sfclippy.app */;
			productType = "com.apple.product-type.application";
		};
		BE1F24071FBE11E500CD6447 /* sfclippyTests */ = {
			isa = PBXNativeTarget;
			buildConfigurationList = BE1F241F1FBE11E500CD6447 /* Build configuration list for PBXNativeTarget "sfclippyTests" */;
			buildPhases = (
				F89BF412C64EF09E54298E42 /* [CP] Check Pods Manifest.lock */,
				BE1F24041FBE11E500CD6447 /* Sources */,
				BE1F24051FBE11E500CD6447 /* Frameworks */,
				BE1F24061FBE11E500CD6447 /* Resources */,
				F5B48195CEA444EE58861D7F /* [CP] Embed Pods Frameworks */,
				080585211951156ED8A744BA /* [CP] Copy Pods Resources */,
			);
			buildRules = (
			);
			dependencies = (
				BE1F240A1FBE11E500CD6447 /* PBXTargetDependency */,
			);
			name = sfclippyTests;
			productName = sfclippyTests;
			productReference = BE1F24081FBE11E500CD6447 /* sfclippyTests.xctest */;
			productType = "com.apple.product-type.bundle.unit-test";
		};
		BE1F24121FBE11E500CD6447 /* sfclippyUITests */ = {
			isa = PBXNativeTarget;
			buildConfigurationList = BE1F24221FBE11E500CD6447 /* Build configuration list for PBXNativeTarget "sfclippyUITests" */;
			buildPhases = (
				C3447C5684018B3FC3766344 /* [CP] Check Pods Manifest.lock */,
				BE1F240F1FBE11E500CD6447 /* Sources */,
				BE1F24101FBE11E500CD6447 /* Frameworks */,
				BE1F24111FBE11E500CD6447 /* Resources */,
				DDC3A75C48AB930C3AE2BA06 /* [CP] Embed Pods Frameworks */,
				8B516DC48611CB2E61FF7EFD /* [CP] Copy Pods Resources */,
			);
			buildRules = (
			);
			dependencies = (
				BE1F24151FBE11E500CD6447 /* PBXTargetDependency */,
			);
			name = sfclippyUITests;
			productName = sfclippyUITests;
			productReference = BE1F24131FBE11E500CD6447 /* sfclippyUITests.xctest */;
			productType = "com.apple.product-type.bundle.ui-testing";
		};
/* End PBXNativeTarget section */

/* Begin PBXProject section */
		BE1F23EC1FBE11E500CD6447 /* Project object */ = {
			isa = PBXProject;
			attributes = {
				LastSwiftUpdateCheck = 0910;
				LastUpgradeCheck = 0930;
				ORGANIZATIONNAME = "William Lee";
				TargetAttributes = {
					BE1F23F31FBE11E500CD6447 = {
						CreatedOnToolsVersion = 9.1;
						ProvisioningStyle = Automatic;
						SystemCapabilities = {
							com.apple.Push = {
								enabled = 1;
							};
						};
					};
					BE1F24071FBE11E500CD6447 = {
						CreatedOnToolsVersion = 9.1;
						ProvisioningStyle = Automatic;
						TestTargetID = BE1F23F31FBE11E500CD6447;
					};
					BE1F24121FBE11E500CD6447 = {
						CreatedOnToolsVersion = 9.1;
						ProvisioningStyle = Automatic;
						TestTargetID = BE1F23F31FBE11E500CD6447;
					};
				};
			};
			buildConfigurationList = BE1F23EF1FBE11E500CD6447 /* Build configuration list for PBXProject "sfclippy" */;
			compatibilityVersion = "Xcode 8.0";
			developmentRegion = en;
			hasScannedForEncodings = 0;
			knownRegions = (
				en,
				Base,
			);
			mainGroup = BE1F23EB1FBE11E500CD6447;
			productRefGroup = BE1F23F51FBE11E500CD6447 /* Products */;
			projectDirPath = "";
			projectRoot = "";
			targets = (
				BE1F23F31FBE11E500CD6447 /* sfclippy */,
				BE1F24071FBE11E500CD6447 /* sfclippyTests */,
				BE1F24121FBE11E500CD6447 /* sfclippyUITests */,
			);
		};
/* End PBXProject section */

/* Begin PBXResourcesBuildPhase section */
		BE1F23F21FBE11E500CD6447 /* Resources */ = {
			isa = PBXResourcesBuildPhase;
			buildActionMask = 2147483647;
			files = (
				BE2169351FD35D75009F0703 /* DragToSelectView.xib in Resources */,
				BE1F24021FBE11E500CD6447 /* LaunchScreen.storyboard in Resources */,
				BE95BF27203A28E10094A70B /* SfHeadingView.xib in Resources */,
				BE42474A1FC05642003E08A8 /* GoogleService-Info.plist in Resources */,
				BE1F23FF1FBE11E500CD6447 /* Assets.xcassets in Resources */,
				BEC74F55204952F00081820B /* SfButtonWithDescription.xib in Resources */,
				BE1F23FD1FBE11E500CD6447 /* Main.storyboard in Resources */,
			);
			runOnlyForDeploymentPostprocessing = 0;
		};
		BE1F24061FBE11E500CD6447 /* Resources */ = {
			isa = PBXResourcesBuildPhase;
			buildActionMask = 2147483647;
			files = (
				BE42474C1FC056F3003E08A8 /* GoogleService-Info.plist in Resources */,
			);
			runOnlyForDeploymentPostprocessing = 0;
		};
		BE1F24111FBE11E500CD6447 /* Resources */ = {
			isa = PBXResourcesBuildPhase;
			buildActionMask = 2147483647;
			files = (
				BE42474D1FC056F4003E08A8 /* GoogleService-Info.plist in Resources */,
			);
			runOnlyForDeploymentPostprocessing = 0;
		};
/* End PBXResourcesBuildPhase section */

/* Begin PBXShellScriptBuildPhase section */
		080585211951156ED8A744BA /* [CP] Copy Pods Resources */ = {
			isa = PBXShellScriptBuildPhase;
			buildActionMask = 2147483647;
			files = (
			);
			inputPaths = (
			);
			name = "[CP] Copy Pods Resources";
			outputPaths = (
			);
			runOnlyForDeploymentPostprocessing = 0;
			shellPath = /bin/sh;
			shellScript = "\"${SRCROOT}/Pods/Target Support Files/Pods-sfclippyTests/Pods-sfclippyTests-resources.sh\"\n";
			showEnvVarsInLog = 0;
		};
		38619BF831E90974EF075DEB /* [CP] Copy Pods Resources */ = {
			isa = PBXShellScriptBuildPhase;
			buildActionMask = 2147483647;
			files = (
			);
			inputPaths = (
				"${SRCROOT}/Pods/Target Support Files/Pods-sfclippy/Pods-sfclippy-resources.sh",
				"${PODS_ROOT}/GoogleSignIn/Resources/GoogleSignIn.bundle",
			);
			name = "[CP] Copy Pods Resources";
			outputPaths = (
				"${TARGET_BUILD_DIR}/${UNLOCALIZED_RESOURCES_FOLDER_PATH}/GoogleSignIn.bundle",
			);
			runOnlyForDeploymentPostprocessing = 0;
			shellPath = /bin/sh;
			shellScript = "\"${SRCROOT}/Pods/Target Support Files/Pods-sfclippy/Pods-sfclippy-resources.sh\"\n";
			showEnvVarsInLog = 0;
		};
		63C3030157561C707B915F9D /* [CP] Check Pods Manifest.lock */ = {
			isa = PBXShellScriptBuildPhase;
			buildActionMask = 2147483647;
			files = (
			);
			inputPaths = (
				"${PODS_PODFILE_DIR_PATH}/Podfile.lock",
				"${PODS_ROOT}/Manifest.lock",
			);
			name = "[CP] Check Pods Manifest.lock";
			outputPaths = (
				"$(DERIVED_FILE_DIR)/Pods-sfclippy-checkManifestLockResult.txt",
			);
			runOnlyForDeploymentPostprocessing = 0;
			shellPath = /bin/sh;
			shellScript = "diff \"${PODS_PODFILE_DIR_PATH}/Podfile.lock\" \"${PODS_ROOT}/Manifest.lock\" > /dev/null\nif [ $? != 0 ] ; then\n    # print error to STDERR\n    echo \"error: The sandbox is not in sync with the Podfile.lock. Run 'pod install' or update your CocoaPods installation.\" >&2\n    exit 1\nfi\n# This output is used by Xcode 'outputs' to avoid re-running this script phase.\necho \"SUCCESS\" > \"${SCRIPT_OUTPUT_FILE_0}\"\n";
			showEnvVarsInLog = 0;
		};
		8B516DC48611CB2E61FF7EFD /* [CP] Copy Pods Resources */ = {
			isa = PBXShellScriptBuildPhase;
			buildActionMask = 2147483647;
			files = (
			);
			inputPaths = (
			);
			name = "[CP] Copy Pods Resources";
			outputPaths = (
			);
			runOnlyForDeploymentPostprocessing = 0;
			shellPath = /bin/sh;
			shellScript = "\"${SRCROOT}/Pods/Target Support Files/Pods-sfclippyUITests/Pods-sfclippyUITests-resources.sh\"\n";
			showEnvVarsInLog = 0;
		};
		C3447C5684018B3FC3766344 /* [CP] Check Pods Manifest.lock */ = {
			isa = PBXShellScriptBuildPhase;
			buildActionMask = 2147483647;
			files = (
			);
			inputPaths = (
				"${PODS_PODFILE_DIR_PATH}/Podfile.lock",
				"${PODS_ROOT}/Manifest.lock",
			);
			name = "[CP] Check Pods Manifest.lock";
			outputPaths = (
				"$(DERIVED_FILE_DIR)/Pods-sfclippyUITests-checkManifestLockResult.txt",
			);
			runOnlyForDeploymentPostprocessing = 0;
			shellPath = /bin/sh;
			shellScript = "diff \"${PODS_PODFILE_DIR_PATH}/Podfile.lock\" \"${PODS_ROOT}/Manifest.lock\" > /dev/null\nif [ $? != 0 ] ; then\n    # print error to STDERR\n    echo \"error: The sandbox is not in sync with the Podfile.lock. Run 'pod install' or update your CocoaPods installation.\" >&2\n    exit 1\nfi\n# This output is used by Xcode 'outputs' to avoid re-running this script phase.\necho \"SUCCESS\" > \"${SCRIPT_OUTPUT_FILE_0}\"\n";
			showEnvVarsInLog = 0;
		};
		DDC3A75C48AB930C3AE2BA06 /* [CP] Embed Pods Frameworks */ = {
			isa = PBXShellScriptBuildPhase;
			buildActionMask = 2147483647;
			files = (
			);
			inputPaths = (
			);
			name = "[CP] Embed Pods Frameworks";
			outputPaths = (
			);
			runOnlyForDeploymentPostprocessing = 0;
			shellPath = /bin/sh;
			shellScript = "\"${SRCROOT}/Pods/Target Support Files/Pods-sfclippyUITests/Pods-sfclippyUITests-frameworks.sh\"\n";
			showEnvVarsInLog = 0;
		};
		F5B48195CEA444EE58861D7F /* [CP] Embed Pods Frameworks */ = {
			isa = PBXShellScriptBuildPhase;
			buildActionMask = 2147483647;
			files = (
			);
			inputPaths = (
				"${SRCROOT}/Pods/Target Support Files/Pods-sfclippyTests/Pods-sfclippyTests-frameworks.sh",
				"${BUILT_PRODUCTS_DIR}/GoogleToolboxForMac-Defines-NSData+zlib/GoogleToolboxForMac.framework",
				"${BUILT_PRODUCTS_DIR}/nanopb/nanopb.framework",
			);
			name = "[CP] Embed Pods Frameworks";
			outputPaths = (
				"${TARGET_BUILD_DIR}/${FRAMEWORKS_FOLDER_PATH}/GoogleToolboxForMac.framework",
				"${TARGET_BUILD_DIR}/${FRAMEWORKS_FOLDER_PATH}/nanopb.framework",
			);
			runOnlyForDeploymentPostprocessing = 0;
			shellPath = /bin/sh;
			shellScript = "\"${SRCROOT}/Pods/Target Support Files/Pods-sfclippyTests/Pods-sfclippyTests-frameworks.sh\"\n";
			showEnvVarsInLog = 0;
		};
		F89BF412C64EF09E54298E42 /* [CP] Check Pods Manifest.lock */ = {
			isa = PBXShellScriptBuildPhase;
			buildActionMask = 2147483647;
			files = (
			);
			inputPaths = (
				"${PODS_PODFILE_DIR_PATH}/Podfile.lock",
				"${PODS_ROOT}/Manifest.lock",
			);
			name = "[CP] Check Pods Manifest.lock";
			outputPaths = (
				"$(DERIVED_FILE_DIR)/Pods-sfclippyTests-checkManifestLockResult.txt",
			);
			runOnlyForDeploymentPostprocessing = 0;
			shellPath = /bin/sh;
			shellScript = "diff \"${PODS_PODFILE_DIR_PATH}/Podfile.lock\" \"${PODS_ROOT}/Manifest.lock\" > /dev/null\nif [ $? != 0 ] ; then\n    # print error to STDERR\n    echo \"error: The sandbox is not in sync with the Podfile.lock. Run 'pod install' or update your CocoaPods installation.\" >&2\n    exit 1\nfi\n# This output is used by Xcode 'outputs' to avoid re-running this script phase.\necho \"SUCCESS\" > \"${SCRIPT_OUTPUT_FILE_0}\"\n";
			showEnvVarsInLog = 0;
		};
		F96121CD49CF01C8E4C606A8 /* [CP] Embed Pods Frameworks */ = {
			isa = PBXShellScriptBuildPhase;
			buildActionMask = 2147483647;
			files = (
			);
			inputPaths = (
				"${SRCROOT}/Pods/Target Support Files/Pods-sfclippy/Pods-sfclippy-frameworks.sh",
				"${BUILT_PRODUCTS_DIR}/GTMOAuth2/GTMOAuth2.framework",
				"${BUILT_PRODUCTS_DIR}/GTMSessionFetcher/GTMSessionFetcher.framework",
				"${BUILT_PRODUCTS_DIR}/GoogleToolboxForMac-f0850809/GoogleToolboxForMac.framework",
				"${BUILT_PRODUCTS_DIR}/leveldb-library/leveldb.framework",
				"${BUILT_PRODUCTS_DIR}/nanopb/nanopb.framework",
			);
			name = "[CP] Embed Pods Frameworks";
			outputPaths = (
				"${TARGET_BUILD_DIR}/${FRAMEWORKS_FOLDER_PATH}/GTMOAuth2.framework",
				"${TARGET_BUILD_DIR}/${FRAMEWORKS_FOLDER_PATH}/GTMSessionFetcher.framework",
				"${TARGET_BUILD_DIR}/${FRAMEWORKS_FOLDER_PATH}/GoogleToolboxForMac.framework",
				"${TARGET_BUILD_DIR}/${FRAMEWORKS_FOLDER_PATH}/leveldb.framework",
				"${TARGET_BUILD_DIR}/${FRAMEWORKS_FOLDER_PATH}/nanopb.framework",
			);
			runOnlyForDeploymentPostprocessing = 0;
			shellPath = /bin/sh;
			shellScript = "\"${SRCROOT}/Pods/Target Support Files/Pods-sfclippy/Pods-sfclippy-frameworks.sh\"\n";
			showEnvVarsInLog = 0;
		};
/* End PBXShellScriptBuildPhase section */

/* Begin PBXSourcesBuildPhase section */
		BE1F23F01FBE11E500CD6447 /* Sources */ = {
			isa = PBXSourcesBuildPhase;
			buildActionMask = 2147483647;
			files = (
				BE1C9E72201CCFC800776B78 /* AddCharacterViewController.swift in Sources */,
				BE1C9E70201CBD5C00776B78 /* RatingView.swift in Sources */,
				BE1F23FA1FBE11E500CD6447 /* ViewController.swift in Sources */,
				BE26C20B205AB437007B6409 /* ErrorSignInViewController.swift in Sources */,
				BE3F8843209A636200EE9849 /* StatisticsComparison.swift in Sources */,
				BE21692D1FD1FFD1009F0703 /* ResultsTableViewController.swift in Sources */,
				BE21692F1FD31F27009F0703 /* ResultsTableViewCell.swift in Sources */,
				BE4247531FC1E661003E08A8 /* CharactersTableViewController.swift in Sources */,
				BE985F8E1FEEC1BD00AA1BF0 /* SelectionMechanism.swift in Sources */,
				BE4247511FC1D3B0003E08A8 /* DataModel.swift in Sources */,
				BE3F883F2096358500EE9849 /* StatisticsDetailTableViewController.swift in Sources */,
				BE4247551FC1E717003E08A8 /* CharactersTableViewCell.swift in Sources */,
				BEACF71C20364B51001A8A6D /* ResultViewController.swift in Sources */,
				BE3E651E203B7A5A00961A29 /* SettingsTableViewCell.swift in Sources */,
				BE1F23F81FBE11E500CD6447 /* AppDelegate.swift in Sources */,
				BEC74F57204954A60081820B /* SfButtonWithDescription.swift in Sources */,
				BE3E651C203B78EC00961A29 /* SettingsTableViewController.swift in Sources */,
				BE4F225A20420D8B00900013 /* StatisticsTableViewController.swift in Sources */,
				BECC1D29205096FE00A93900 /* ConfirmViewController.swift in Sources */,
				BE3F8841209635AA00EE9849 /* StatisticsDetailTableViewCell.swift in Sources */,
				BE42474F1FC070C3003E08A8 /* SignInViewController.swift in Sources */,
				BE95BF29203A29F80094A70B /* SfHeadingView.swift in Sources */,
				BE4F225C20420E7200900013 /* StatisticsTableViewCell.swift in Sources */,
				BE2169361FD364DE009F0703 /* DragToSelectView.swift in Sources */,
			);
			runOnlyForDeploymentPostprocessing = 0;
		};
		BE1F24041FBE11E500CD6447 /* Sources */ = {
			isa = PBXSourcesBuildPhase;
			buildActionMask = 2147483647;
			files = (
				BE3F8845209A651100EE9849 /* StatisticsComparisonsTests.swift in Sources */,
				BE3CC32520A8E36800E62B6F /* DataModelTests.swift in Sources */,
				BE985F901FEEC1EB00AA1BF0 /* SelectionMechanismTests.swift in Sources */,
				BE1F240D1FBE11E500CD6447 /* sfclippyTests.swift in Sources */,
			);
			runOnlyForDeploymentPostprocessing = 0;
		};
		BE1F240F1FBE11E500CD6447 /* Sources */ = {
			isa = PBXSourcesBuildPhase;
			buildActionMask = 2147483647;
			files = (
				BE1F24181FBE11E500CD6447 /* sfclippyUITests.swift in Sources */,
				BE4247571FC2DD0F003E08A8 /* CharactersUITests.swift in Sources */,
			);
			runOnlyForDeploymentPostprocessing = 0;
		};
/* End PBXSourcesBuildPhase section */

/* Begin PBXTargetDependency section */
		BE1F240A1FBE11E500CD6447 /* PBXTargetDependency */ = {
			isa = PBXTargetDependency;
			target = BE1F23F31FBE11E500CD6447 /* sfclippy */;
			targetProxy = BE1F24091FBE11E500CD6447 /* PBXContainerItemProxy */;
		};
		BE1F24151FBE11E500CD6447 /* PBXTargetDependency */ = {
			isa = PBXTargetDependency;
			target = BE1F23F31FBE11E500CD6447 /* sfclippy */;
			targetProxy = BE1F24141FBE11E500CD6447 /* PBXContainerItemProxy */;
		};
/* End PBXTargetDependency section */

/* Begin PBXVariantGroup section */
		BE1F23FB1FBE11E500CD6447 /* Main.storyboard */ = {
			isa = PBXVariantGroup;
			children = (
				BE1F23FC1FBE11E500CD6447 /* Base */,
			);
			name = Main.storyboard;
			sourceTree = "<group>";
		};
		BE1F24001FBE11E500CD6447 /* LaunchScreen.storyboard */ = {
			isa = PBXVariantGroup;
			children = (
				BE1F24011FBE11E500CD6447 /* Base */,
			);
			name = LaunchScreen.storyboard;
			sourceTree = "<group>";
		};
/* End PBXVariantGroup section */

/* Begin XCBuildConfiguration section */
		BE1F241A1FBE11E500CD6447 /* Debug */ = {
			isa = XCBuildConfiguration;
			buildSettings = {
				ALWAYS_SEARCH_USER_PATHS = NO;
				CLANG_ANALYZER_NONNULL = YES;
				CLANG_ANALYZER_NUMBER_OBJECT_CONVERSION = YES_AGGRESSIVE;
				CLANG_CXX_LANGUAGE_STANDARD = "gnu++14";
				CLANG_CXX_LIBRARY = "libc++";
				CLANG_ENABLE_MODULES = YES;
				CLANG_ENABLE_OBJC_ARC = YES;
				CLANG_WARN_BLOCK_CAPTURE_AUTORELEASING = YES;
				CLANG_WARN_BOOL_CONVERSION = YES;
				CLANG_WARN_COMMA = YES;
				CLANG_WARN_CONSTANT_CONVERSION = YES;
				CLANG_WARN_DEPRECATED_OBJC_IMPLEMENTATIONS = YES;
				CLANG_WARN_DIRECT_OBJC_ISA_USAGE = YES_ERROR;
				CLANG_WARN_DOCUMENTATION_COMMENTS = YES;
				CLANG_WARN_EMPTY_BODY = YES;
				CLANG_WARN_ENUM_CONVERSION = YES;
				CLANG_WARN_INFINITE_RECURSION = YES;
				CLANG_WARN_INT_CONVERSION = YES;
				CLANG_WARN_NON_LITERAL_NULL_CONVERSION = YES;
				CLANG_WARN_OBJC_IMPLICIT_RETAIN_SELF = YES;
				CLANG_WARN_OBJC_LITERAL_CONVERSION = YES;
				CLANG_WARN_OBJC_ROOT_CLASS = YES_ERROR;
				CLANG_WARN_RANGE_LOOP_ANALYSIS = YES;
				CLANG_WARN_STRICT_PROTOTYPES = YES;
				CLANG_WARN_SUSPICIOUS_MOVE = YES;
				CLANG_WARN_UNGUARDED_AVAILABILITY = YES_AGGRESSIVE;
				CLANG_WARN_UNREACHABLE_CODE = YES;
				CLANG_WARN__DUPLICATE_METHOD_MATCH = YES;
				CODE_SIGN_IDENTITY = "iPhone Developer";
				COPY_PHASE_STRIP = NO;
				DEBUG_INFORMATION_FORMAT = dwarf;
				ENABLE_STRICT_OBJC_MSGSEND = YES;
				ENABLE_TESTABILITY = YES;
				GCC_C_LANGUAGE_STANDARD = gnu11;
				GCC_DYNAMIC_NO_PIC = NO;
				GCC_NO_COMMON_BLOCKS = YES;
				GCC_OPTIMIZATION_LEVEL = 0;
				GCC_PREPROCESSOR_DEFINITIONS = (
					"DEBUG=1",
					"$(inherited)",
				);
				GCC_WARN_64_TO_32_BIT_CONVERSION = YES;
				GCC_WARN_ABOUT_RETURN_TYPE = YES_ERROR;
				GCC_WARN_UNDECLARED_SELECTOR = YES;
				GCC_WARN_UNINITIALIZED_AUTOS = YES_AGGRESSIVE;
				GCC_WARN_UNUSED_FUNCTION = YES;
				GCC_WARN_UNUSED_VARIABLE = YES;
				IPHONEOS_DEPLOYMENT_TARGET = 11.1;
				MTL_ENABLE_DEBUG_INFO = YES;
				ONLY_ACTIVE_ARCH = YES;
				SDKROOT = iphoneos;
				SWIFT_ACTIVE_COMPILATION_CONDITIONS = DEBUG;
				SWIFT_OPTIMIZATION_LEVEL = "-Onone";
			};
			name = Debug;
		};
		BE1F241B1FBE11E500CD6447 /* Release */ = {
			isa = XCBuildConfiguration;
			buildSettings = {
				ALWAYS_SEARCH_USER_PATHS = NO;
				CLANG_ANALYZER_NONNULL = YES;
				CLANG_ANALYZER_NUMBER_OBJECT_CONVERSION = YES_AGGRESSIVE;
				CLANG_CXX_LANGUAGE_STANDARD = "gnu++14";
				CLANG_CXX_LIBRARY = "libc++";
				CLANG_ENABLE_MODULES = YES;
				CLANG_ENABLE_OBJC_ARC = YES;
				CLANG_WARN_BLOCK_CAPTURE_AUTORELEASING = YES;
				CLANG_WARN_BOOL_CONVERSION = YES;
				CLANG_WARN_COMMA = YES;
				CLANG_WARN_CONSTANT_CONVERSION = YES;
				CLANG_WARN_DEPRECATED_OBJC_IMPLEMENTATIONS = YES;
				CLANG_WARN_DIRECT_OBJC_ISA_USAGE = YES_ERROR;
				CLANG_WARN_DOCUMENTATION_COMMENTS = YES;
				CLANG_WARN_EMPTY_BODY = YES;
				CLANG_WARN_ENUM_CONVERSION = YES;
				CLANG_WARN_INFINITE_RECURSION = YES;
				CLANG_WARN_INT_CONVERSION = YES;
				CLANG_WARN_NON_LITERAL_NULL_CONVERSION = YES;
				CLANG_WARN_OBJC_IMPLICIT_RETAIN_SELF = YES;
				CLANG_WARN_OBJC_LITERAL_CONVERSION = YES;
				CLANG_WARN_OBJC_ROOT_CLASS = YES_ERROR;
				CLANG_WARN_RANGE_LOOP_ANALYSIS = YES;
				CLANG_WARN_STRICT_PROTOTYPES = YES;
				CLANG_WARN_SUSPICIOUS_MOVE = YES;
				CLANG_WARN_UNGUARDED_AVAILABILITY = YES_AGGRESSIVE;
				CLANG_WARN_UNREACHABLE_CODE = YES;
				CLANG_WARN__DUPLICATE_METHOD_MATCH = YES;
				CODE_SIGN_IDENTITY = "iPhone Developer";
				COPY_PHASE_STRIP = NO;
				DEBUG_INFORMATION_FORMAT = "dwarf-with-dsym";
				ENABLE_NS_ASSERTIONS = NO;
				ENABLE_STRICT_OBJC_MSGSEND = YES;
				GCC_C_LANGUAGE_STANDARD = gnu11;
				GCC_NO_COMMON_BLOCKS = YES;
				GCC_WARN_64_TO_32_BIT_CONVERSION = YES;
				GCC_WARN_ABOUT_RETURN_TYPE = YES_ERROR;
				GCC_WARN_UNDECLARED_SELECTOR = YES;
				GCC_WARN_UNINITIALIZED_AUTOS = YES_AGGRESSIVE;
				GCC_WARN_UNUSED_FUNCTION = YES;
				GCC_WARN_UNUSED_VARIABLE = YES;
				IPHONEOS_DEPLOYMENT_TARGET = 11.1;
				MTL_ENABLE_DEBUG_INFO = NO;
				SDKROOT = iphoneos;
				SWIFT_OPTIMIZATION_LEVEL = "-Owholemodule";
				VALIDATE_PRODUCT = YES;
			};
			name = Release;
		};
		BE1F241D1FBE11E500CD6447 /* Debug */ = {
			isa = XCBuildConfiguration;
			baseConfigurationReference = 9F1F74618B7CB5D1E17E94A0 /* Pods-sfclippy.debug.xcconfig */;
			buildSettings = {
				ASSETCATALOG_COMPILER_APPICON_NAME = AppIcon;
				CODE_SIGN_ENTITLEMENTS = sfclippy/sfclippy.entitlements;
				CODE_SIGN_STYLE = Automatic;
				DEVELOPMENT_TEAM = HBVM76ZV6V;
				INFOPLIST_FILE = sfclippy/Info.plist;
				LD_RUNPATH_SEARCH_PATHS = "$(inherited) @executable_path/Frameworks";
				PRODUCT_BUNDLE_IDENTIFIER = uk.co.freewill7.sfclippy;
				PRODUCT_NAME = "$(TARGET_NAME)";
				SWIFT_VERSION = 4.0;
				TARGETED_DEVICE_FAMILY = 1;
			};
			name = Debug;
		};
		BE1F241E1FBE11E500CD6447 /* Release */ = {
			isa = XCBuildConfiguration;
			baseConfigurationReference = C2D7947990E76F125BD45DC1 /* Pods-sfclippy.release.xcconfig */;
			buildSettings = {
				ASSETCATALOG_COMPILER_APPICON_NAME = AppIcon;
				CODE_SIGN_ENTITLEMENTS = sfclippy/sfclippy.entitlements;
				CODE_SIGN_STYLE = Automatic;
				DEVELOPMENT_TEAM = HBVM76ZV6V;
				INFOPLIST_FILE = sfclippy/Info.plist;
				LD_RUNPATH_SEARCH_PATHS = "$(inherited) @executable_path/Frameworks";
				PRODUCT_BUNDLE_IDENTIFIER = uk.co.freewill7.sfclippy;
				PRODUCT_NAME = "$(TARGET_NAME)";
				SWIFT_VERSION = 4.0;
				TARGETED_DEVICE_FAMILY = 1;
			};
			name = Release;
		};
		BE1F24201FBE11E500CD6447 /* Debug */ = {
			isa = XCBuildConfiguration;
			baseConfigurationReference = A56E63742F27EC72439A5A05 /* Pods-sfclippyTests.debug.xcconfig */;
			buildSettings = {
				ALWAYS_EMBED_SWIFT_STANDARD_LIBRARIES = YES;
				BUNDLE_LOADER = "$(TEST_HOST)";
				CODE_SIGN_STYLE = Automatic;
				DEVELOPMENT_TEAM = HBVM76ZV6V;
				INFOPLIST_FILE = sfclippyTests/Info.plist;
				LD_RUNPATH_SEARCH_PATHS = "$(inherited) @executable_path/Frameworks @loader_path/Frameworks";
				PRODUCT_BUNDLE_IDENTIFIER = com.example.sfclippyTests;
				PRODUCT_NAME = "$(TARGET_NAME)";
				SWIFT_VERSION = 4.0;
				TARGETED_DEVICE_FAMILY = "1,2";
				TEST_HOST = "$(BUILT_PRODUCTS_DIR)/sfclippy.app/sfclippy";
			};
			name = Debug;
		};
		BE1F24211FBE11E500CD6447 /* Release */ = {
			isa = XCBuildConfiguration;
			baseConfigurationReference = D851111708E7C9363663312E /* Pods-sfclippyTests.release.xcconfig */;
			buildSettings = {
				ALWAYS_EMBED_SWIFT_STANDARD_LIBRARIES = YES;
				BUNDLE_LOADER = "$(TEST_HOST)";
				CODE_SIGN_STYLE = Automatic;
				DEVELOPMENT_TEAM = HBVM76ZV6V;
				INFOPLIST_FILE = sfclippyTests/Info.plist;
				LD_RUNPATH_SEARCH_PATHS = "$(inherited) @executable_path/Frameworks @loader_path/Frameworks";
				PRODUCT_BUNDLE_IDENTIFIER = com.example.sfclippyTests;
				PRODUCT_NAME = "$(TARGET_NAME)";
				SWIFT_VERSION = 4.0;
				TARGETED_DEVICE_FAMILY = "1,2";
				TEST_HOST = "$(BUILT_PRODUCTS_DIR)/sfclippy.app/sfclippy";
			};
			name = Release;
		};
		BE1F24231FBE11E500CD6447 /* Debug */ = {
			isa = XCBuildConfiguration;
			baseConfigurationReference = C5C023FF1C1723FFE0B6C4BA /* Pods-sfclippyUITests.debug.xcconfig */;
			buildSettings = {
				ALWAYS_EMBED_SWIFT_STANDARD_LIBRARIES = YES;
				CODE_SIGN_STYLE = Automatic;
				DEVELOPMENT_TEAM = HBVM76ZV6V;
				INFOPLIST_FILE = sfclippyUITests/Info.plist;
				LD_RUNPATH_SEARCH_PATHS = "$(inherited) @executable_path/Frameworks @loader_path/Frameworks";
				PRODUCT_BUNDLE_IDENTIFIER = com.example.sfclippyUITests;
				PRODUCT_NAME = "$(TARGET_NAME)";
				SWIFT_VERSION = 4.0;
				TARGETED_DEVICE_FAMILY = "1,2";
				TEST_TARGET_NAME = sfclippy;
			};
			name = Debug;
		};
		BE1F24241FBE11E500CD6447 /* Release */ = {
			isa = XCBuildConfiguration;
			baseConfigurationReference = CD3FEF6BBF37F476E1ECBC77 /* Pods-sfclippyUITests.release.xcconfig */;
			buildSettings = {
				ALWAYS_EMBED_SWIFT_STANDARD_LIBRARIES = YES;
				CODE_SIGN_STYLE = Automatic;
				DEVELOPMENT_TEAM = HBVM76ZV6V;
				INFOPLIST_FILE = sfclippyUITests/Info.plist;
				LD_RUNPATH_SEARCH_PATHS = "$(inherited) @executable_path/Frameworks @loader_path/Frameworks";
				PRODUCT_BUNDLE_IDENTIFIER = com.example.sfclippyUITests;
				PRODUCT_NAME = "$(TARGET_NAME)";
				SWIFT_VERSION = 4.0;
				TARGETED_DEVICE_FAMILY = "1,2";
				TEST_TARGET_NAME = sfclippy;
			};
			name = Release;
		};
/* End XCBuildConfiguration section */

/* Begin XCConfigurationList section */
		BE1F23EF1FBE11E500CD6447 /* Build configuration list for PBXProject "sfclippy" */ = {
			isa = XCConfigurationList;
			buildConfigurations = (
				BE1F241A1FBE11E500CD6447 /* Debug */,
				BE1F241B1FBE11E500CD6447 /* Release */,
			);
			defaultConfigurationIsVisible = 0;
			defaultConfigurationName = Release;
		};
		BE1F241C1FBE11E500CD6447 /* Build configuration list for PBXNativeTarget "sfclippy" */ = {
			isa = XCConfigurationList;
			buildConfigurations = (
				BE1F241D1FBE11E500CD6447 /* Debug */,
				BE1F241E1FBE11E500CD6447 /* Release */,
			);
			defaultConfigurationIsVisible = 0;
			defaultConfigurationName = Release;
		};
		BE1F241F1FBE11E500CD6447 /* Build configuration list for PBXNativeTarget "sfclippyTests" */ = {
			isa = XCConfigurationList;
			buildConfigurations = (
				BE1F24201FBE11E500CD6447 /* Debug */,
				BE1F24211FBE11E500CD6447 /* Release */,
			);
			defaultConfigurationIsVisible = 0;
			defaultConfigurationName = Release;
		};
		BE1F24221FBE11E500CD6447 /* Build configuration list for PBXNativeTarget "sfclippyUITests" */ = {
			isa = XCConfigurationList;
			buildConfigurations = (
				BE1F24231FBE11E500CD6447 /* Debug */,
				BE1F24241FBE11E500CD6447 /* Release */,
			);
			defaultConfigurationIsVisible = 0;
			defaultConfigurationName = Release;
		};
/* End XCConfigurationList section */
	};
	rootObject = BE1F23EC1FBE11E500CD6447 /* Project object */;
}
